// !$*UTF8*$!
{
	archiveVersion = 1;
	classes = {
	};
	objectVersion = 52;
	objects = {

/* Begin PBXBuildFile section */
		C952D2C2248C1D5600858761 /* AppDelegate.swift in Sources */ = {isa = PBXBuildFile; fileRef = C952D2C1248C1D5600858761 /* AppDelegate.swift */; };
		C952D2C4248C1D5600858761 /* SceneDelegate.swift in Sources */ = {isa = PBXBuildFile; fileRef = C952D2C3248C1D5600858761 /* SceneDelegate.swift */; };
		C952D2C6248C1D5600858761 /* ContentView.swift in Sources */ = {isa = PBXBuildFile; fileRef = C952D2C5248C1D5600858761 /* ContentView.swift */; };
		C952D2C8248C1D5600858761 /* Assets.xcassets in Resources */ = {isa = PBXBuildFile; fileRef = C952D2C7248C1D5600858761 /* Assets.xcassets */; };
		C952D2CB248C1D5600858761 /* Preview Assets.xcassets in Resources */ = {isa = PBXBuildFile; fileRef = C952D2CA248C1D5600858761 /* Preview Assets.xcassets */; };
		C952D2CE248C1D5600858761 /* LaunchScreen.storyboard in Resources */ = {isa = PBXBuildFile; fileRef = C952D2CC248C1D5600858761 /* LaunchScreen.storyboard */; };
		C952D2D9248C1D5700858761 /* SpeedrunTests.swift in Sources */ = {isa = PBXBuildFile; fileRef = C952D2D8248C1D5700858761 /* SpeedrunTests.swift */; };
		C952D2E5248C1E2C00858761 /* Relay in Frameworks */ = {isa = PBXBuildFile; productRef = C952D2E4248C1E2C00858761 /* Relay */; };
		C952D2E7248C1E2C00858761 /* RelaySwiftUI in Frameworks */ = {isa = PBXBuildFile; productRef = C952D2E6248C1E2C00858761 /* RelaySwiftUI */; };
		C952D2EA248C1E5500858761 /* Environment.swift in Sources */ = {isa = PBXBuildFile; fileRef = C952D2E9248C1E5500858761 /* Environment.swift */; };
		C952D2EF248C219200858761 /* GameSearchScreen.swift in Sources */ = {isa = PBXBuildFile; fileRef = C952D2EE248C219200858761 /* GameSearchScreen.swift */; };
		C952D2F4248C220C00858761 /* GameSearchScreenQuery.graphql.swift in Sources */ = {isa = PBXBuildFile; fileRef = C952D2F3248C220C00858761 /* GameSearchScreenQuery.graphql.swift */; };
		C952D2F6248C27B200858761 /* GameSearchResults.swift in Sources */ = {isa = PBXBuildFile; fileRef = C952D2F5248C27B200858761 /* GameSearchResults.swift */; };
		C952D2F9248C293500858761 /* GameSearchResults_games.graphql.swift in Sources */ = {isa = PBXBuildFile; fileRef = C952D2F7248C293500858761 /* GameSearchResults_games.graphql.swift */; };
		C952D2FA248C293500858761 /* GameSearchResultsPaginationQuery.graphql.swift in Sources */ = {isa = PBXBuildFile; fileRef = C952D2F8248C293500858761 /* GameSearchResultsPaginationQuery.graphql.swift */; };
		C952D2FD248C30BE00858761 /* GameSearchResultRow.swift in Sources */ = {isa = PBXBuildFile; fileRef = C952D2FC248C30BE00858761 /* GameSearchResultRow.swift */; };
		C952D2FF248C310700858761 /* GameSearchResultRow_game.graphql.swift in Sources */ = {isa = PBXBuildFile; fileRef = C952D2FE248C310700858761 /* GameSearchResultRow_game.graphql.swift */; };
		C952D302248C319500858761 /* AsyncImage.swift in Sources */ = {isa = PBXBuildFile; fileRef = C952D300248C319500858761 /* AsyncImage.swift */; };
		C952D303248C319500858761 /* ImagePlaceholder.swift in Sources */ = {isa = PBXBuildFile; fileRef = C952D301248C319500858761 /* ImagePlaceholder.swift */; };
		C952D306248C349100858761 /* GameDetailScreen.swift in Sources */ = {isa = PBXBuildFile; fileRef = C952D305248C349100858761 /* GameDetailScreen.swift */; };
		C952D308248C614D00858761 /* GameDetailScreenQuery.graphql.swift in Sources */ = {isa = PBXBuildFile; fileRef = C952D307248C614C00858761 /* GameDetailScreenQuery.graphql.swift */; };
		C952D30A248C65EA00858761 /* GameDetailHeader.swift in Sources */ = {isa = PBXBuildFile; fileRef = C952D309248C65EA00858761 /* GameDetailHeader.swift */; };
		C952D30E248C665600858761 /* GameDetailHeader_game.graphql.swift in Sources */ = {isa = PBXBuildFile; fileRef = C952D30D248C665600858761 /* GameDetailHeader_game.graphql.swift */; };
		C952D310248C6C7B00858761 /* GameDetailLeaderboardList.swift in Sources */ = {isa = PBXBuildFile; fileRef = C952D30F248C6C7B00858761 /* GameDetailLeaderboardList.swift */; };
		C952D312248C6CAE00858761 /* GameDetailLeaderboardList_game.graphql.swift in Sources */ = {isa = PBXBuildFile; fileRef = C952D311248C6CAE00858761 /* GameDetailLeaderboardList_game.graphql.swift */; };
		C952D315248C6F3A00858761 /* LeaderboardScreen.swift in Sources */ = {isa = PBXBuildFile; fileRef = C952D314248C6F3A00858761 /* LeaderboardScreen.swift */; };
		C952D317248C721900858761 /* LeaderboardScreenQuery.graphql.swift in Sources */ = {isa = PBXBuildFile; fileRef = C952D316248C721800858761 /* LeaderboardScreenQuery.graphql.swift */; };
		C981E28B2495E7D000AC1463 /* RunDetailScreen.swift in Sources */ = {isa = PBXBuildFile; fileRef = C981E28A2495E7D000AC1463 /* RunDetailScreen.swift */; };
		C981E28D2495E8B600AC1463 /* RunDetailInfo.swift in Sources */ = {isa = PBXBuildFile; fileRef = C981E28C2495E8B500AC1463 /* RunDetailInfo.swift */; };
		C981E2902495EB2400AC1463 /* RunDetailInfoPreviewQuery.graphql.swift in Sources */ = {isa = PBXBuildFile; fileRef = C981E28E2495EB2400AC1463 /* RunDetailInfoPreviewQuery.graphql.swift */; };
		C981E2912495EB2400AC1463 /* RunDetailInfo_run.graphql.swift in Sources */ = {isa = PBXBuildFile; fileRef = C981E28F2495EB2400AC1463 /* RunDetailInfo_run.graphql.swift */; };
		C981E2932495F32F00AC1463 /* RunPlayerRow.swift in Sources */ = {isa = PBXBuildFile; fileRef = C981E2922495F32F00AC1463 /* RunPlayerRow.swift */; };
		C981E2952495F43F00AC1463 /* RunPlayerRow_player.graphql.swift in Sources */ = {isa = PBXBuildFile; fileRef = C981E2942495F43F00AC1463 /* RunPlayerRow_player.graphql.swift */; };
		C981E2972496953E00AC1463 /* RunPlayerRowPreviewQuery.graphql.swift in Sources */ = {isa = PBXBuildFile; fileRef = C981E2962496953E00AC1463 /* RunPlayerRowPreviewQuery.graphql.swift */; };
		C9F373D124947D32005D93EB /* LeaderboardRunsList.swift in Sources */ = {isa = PBXBuildFile; fileRef = C9F373D024947D32005D93EB /* LeaderboardRunsList.swift */; };
		C9F373D524947E34005D93EB /* LeaderboardRunsList_leaderboard.graphql.swift in Sources */ = {isa = PBXBuildFile; fileRef = C9F373D424947E34005D93EB /* LeaderboardRunsList_leaderboard.graphql.swift */; };
		C9F373D724947EF6005D93EB /* LeaderboardRun.swift in Sources */ = {isa = PBXBuildFile; fileRef = C9F373D624947EF6005D93EB /* LeaderboardRun.swift */; };
		C9F373D924947F51005D93EB /* LeaderboardRun_run.graphql.swift in Sources */ = {isa = PBXBuildFile; fileRef = C9F373D824947F51005D93EB /* LeaderboardRun_run.graphql.swift */; };
		C9F373DB249542B5005D93EB /* GameSearchResultRowPreviewQuery.graphql.swift in Sources */ = {isa = PBXBuildFile; fileRef = C9F373DA249542B4005D93EB /* GameSearchResultRowPreviewQuery.graphql.swift */; };
		C9F373DF249562CB005D93EB /* GameDetailLeaderboardListPreviewQuery.graphql.swift in Sources */ = {isa = PBXBuildFile; fileRef = C9F373DE249562CB005D93EB /* GameDetailLeaderboardListPreviewQuery.graphql.swift */; };
		C9F373E124956435005D93EB /* GameDetailHeaderPreviewQuery.graphql.swift in Sources */ = {isa = PBXBuildFile; fileRef = C9F373E024956435005D93EB /* GameDetailHeaderPreviewQuery.graphql.swift */; };
		C9F373E324956756005D93EB /* LeaderboardRunPreviewQuery.graphql.swift in Sources */ = {isa = PBXBuildFile; fileRef = C9F373E224956756005D93EB /* LeaderboardRunPreviewQuery.graphql.swift */; };
		C9F373E524956B58005D93EB /* LeaderboardRunsListPreviewQuery.graphql.swift in Sources */ = {isa = PBXBuildFile; fileRef = C9F373E424956B58005D93EB /* LeaderboardRunsListPreviewQuery.graphql.swift */; };
/* End PBXBuildFile section */

/* Begin PBXContainerItemProxy section */
		C952D2D5248C1D5600858761 /* PBXContainerItemProxy */ = {
			isa = PBXContainerItemProxy;
			containerPortal = C952D2B6248C1D5600858761 /* Project object */;
			proxyType = 1;
			remoteGlobalIDString = C952D2BD248C1D5600858761;
			remoteInfo = Speedrun;
		};
/* End PBXContainerItemProxy section */

/* Begin PBXFileReference section */
		C952D2BE248C1D5600858761 /* Speedrun.app */ = {isa = PBXFileReference; explicitFileType = wrapper.application; includeInIndex = 0; path = Speedrun.app; sourceTree = BUILT_PRODUCTS_DIR; };
		C952D2C1248C1D5600858761 /* AppDelegate.swift */ = {isa = PBXFileReference; lastKnownFileType = sourcecode.swift; path = AppDelegate.swift; sourceTree = "<group>"; };
		C952D2C3248C1D5600858761 /* SceneDelegate.swift */ = {isa = PBXFileReference; lastKnownFileType = sourcecode.swift; path = SceneDelegate.swift; sourceTree = "<group>"; };
		C952D2C5248C1D5600858761 /* ContentView.swift */ = {isa = PBXFileReference; lastKnownFileType = sourcecode.swift; path = ContentView.swift; sourceTree = "<group>"; };
		C952D2C7248C1D5600858761 /* Assets.xcassets */ = {isa = PBXFileReference; lastKnownFileType = folder.assetcatalog; path = Assets.xcassets; sourceTree = "<group>"; };
		C952D2CA248C1D5600858761 /* Preview Assets.xcassets */ = {isa = PBXFileReference; lastKnownFileType = folder.assetcatalog; path = "Preview Assets.xcassets"; sourceTree = "<group>"; };
		C952D2CD248C1D5600858761 /* Base */ = {isa = PBXFileReference; lastKnownFileType = file.storyboard; name = Base; path = Base.lproj/LaunchScreen.storyboard; sourceTree = "<group>"; };
		C952D2CF248C1D5600858761 /* Info.plist */ = {isa = PBXFileReference; lastKnownFileType = text.plist.xml; path = Info.plist; sourceTree = "<group>"; };
		C952D2D4248C1D5600858761 /* SpeedrunTests.xctest */ = {isa = PBXFileReference; explicitFileType = wrapper.cfbundle; includeInIndex = 0; path = SpeedrunTests.xctest; sourceTree = BUILT_PRODUCTS_DIR; };
		C952D2D8248C1D5700858761 /* SpeedrunTests.swift */ = {isa = PBXFileReference; lastKnownFileType = sourcecode.swift; path = SpeedrunTests.swift; sourceTree = "<group>"; };
		C952D2DA248C1D5700858761 /* Info.plist */ = {isa = PBXFileReference; lastKnownFileType = text.plist.xml; path = Info.plist; sourceTree = "<group>"; };
		C952D2E9248C1E5500858761 /* Environment.swift */ = {isa = PBXFileReference; lastKnownFileType = sourcecode.swift; path = Environment.swift; sourceTree = "<group>"; };
		C952D2EB248C202300858761 /* relay.config.js */ = {isa = PBXFileReference; lastKnownFileType = sourcecode.javascript; path = relay.config.js; sourceTree = "<group>"; };
		C952D2EC248C20E200858761 /* schema.graphql */ = {isa = PBXFileReference; lastKnownFileType = text; path = schema.graphql; sourceTree = "<group>"; };
		C952D2EE248C219200858761 /* GameSearchScreen.swift */ = {isa = PBXFileReference; lastKnownFileType = sourcecode.swift; path = GameSearchScreen.swift; sourceTree = "<group>"; };
		C952D2F3248C220C00858761 /* GameSearchScreenQuery.graphql.swift */ = {isa = PBXFileReference; fileEncoding = 4; lastKnownFileType = sourcecode.swift; path = GameSearchScreenQuery.graphql.swift; sourceTree = "<group>"; };
		C952D2F5248C27B200858761 /* GameSearchResults.swift */ = {isa = PBXFileReference; lastKnownFileType = sourcecode.swift; path = GameSearchResults.swift; sourceTree = "<group>"; };
		C952D2F7248C293500858761 /* GameSearchResults_games.graphql.swift */ = {isa = PBXFileReference; fileEncoding = 4; lastKnownFileType = sourcecode.swift; path = GameSearchResults_games.graphql.swift; sourceTree = "<group>"; };
		C952D2F8248C293500858761 /* GameSearchResultsPaginationQuery.graphql.swift */ = {isa = PBXFileReference; fileEncoding = 4; lastKnownFileType = sourcecode.swift; path = GameSearchResultsPaginationQuery.graphql.swift; sourceTree = "<group>"; };
		C952D2FB248C2B4500858761 /* Relay.swift */ = {isa = PBXFileReference; lastKnownFileType = folder; name = Relay.swift; path = ../Relay.swift; sourceTree = "<group>"; };
		C952D2FC248C30BE00858761 /* GameSearchResultRow.swift */ = {isa = PBXFileReference; lastKnownFileType = sourcecode.swift; path = GameSearchResultRow.swift; sourceTree = "<group>"; };
		C952D2FE248C310700858761 /* GameSearchResultRow_game.graphql.swift */ = {isa = PBXFileReference; fileEncoding = 4; lastKnownFileType = sourcecode.swift; path = GameSearchResultRow_game.graphql.swift; sourceTree = "<group>"; };
		C952D300248C319500858761 /* AsyncImage.swift */ = {isa = PBXFileReference; fileEncoding = 4; lastKnownFileType = sourcecode.swift; path = AsyncImage.swift; sourceTree = "<group>"; };
		C952D301248C319500858761 /* ImagePlaceholder.swift */ = {isa = PBXFileReference; fileEncoding = 4; lastKnownFileType = sourcecode.swift; path = ImagePlaceholder.swift; sourceTree = "<group>"; };
		C952D305248C349100858761 /* GameDetailScreen.swift */ = {isa = PBXFileReference; lastKnownFileType = sourcecode.swift; path = GameDetailScreen.swift; sourceTree = "<group>"; };
		C952D307248C614C00858761 /* GameDetailScreenQuery.graphql.swift */ = {isa = PBXFileReference; fileEncoding = 4; lastKnownFileType = sourcecode.swift; path = GameDetailScreenQuery.graphql.swift; sourceTree = "<group>"; };
		C952D309248C65EA00858761 /* GameDetailHeader.swift */ = {isa = PBXFileReference; lastKnownFileType = sourcecode.swift; path = GameDetailHeader.swift; sourceTree = "<group>"; };
		C952D30D248C665600858761 /* GameDetailHeader_game.graphql.swift */ = {isa = PBXFileReference; fileEncoding = 4; lastKnownFileType = sourcecode.swift; path = GameDetailHeader_game.graphql.swift; sourceTree = "<group>"; };
		C952D30F248C6C7B00858761 /* GameDetailLeaderboardList.swift */ = {isa = PBXFileReference; lastKnownFileType = sourcecode.swift; path = GameDetailLeaderboardList.swift; sourceTree = "<group>"; };
		C952D311248C6CAE00858761 /* GameDetailLeaderboardList_game.graphql.swift */ = {isa = PBXFileReference; fileEncoding = 4; lastKnownFileType = sourcecode.swift; path = GameDetailLeaderboardList_game.graphql.swift; sourceTree = "<group>"; };
		C952D314248C6F3A00858761 /* LeaderboardScreen.swift */ = {isa = PBXFileReference; lastKnownFileType = sourcecode.swift; path = LeaderboardScreen.swift; sourceTree = "<group>"; };
		C952D316248C721800858761 /* LeaderboardScreenQuery.graphql.swift */ = {isa = PBXFileReference; fileEncoding = 4; lastKnownFileType = sourcecode.swift; path = LeaderboardScreenQuery.graphql.swift; sourceTree = "<group>"; };
		C981E28A2495E7D000AC1463 /* RunDetailScreen.swift */ = {isa = PBXFileReference; lastKnownFileType = sourcecode.swift; path = RunDetailScreen.swift; sourceTree = "<group>"; };
		C981E28C2495E8B500AC1463 /* RunDetailInfo.swift */ = {isa = PBXFileReference; lastKnownFileType = sourcecode.swift; path = RunDetailInfo.swift; sourceTree = "<group>"; };
		C981E28E2495EB2400AC1463 /* RunDetailInfoPreviewQuery.graphql.swift */ = {isa = PBXFileReference; fileEncoding = 4; lastKnownFileType = sourcecode.swift; path = RunDetailInfoPreviewQuery.graphql.swift; sourceTree = "<group>"; };
		C981E28F2495EB2400AC1463 /* RunDetailInfo_run.graphql.swift */ = {isa = PBXFileReference; fileEncoding = 4; lastKnownFileType = sourcecode.swift; path = RunDetailInfo_run.graphql.swift; sourceTree = "<group>"; };
		C981E2922495F32F00AC1463 /* RunPlayerRow.swift */ = {isa = PBXFileReference; lastKnownFileType = sourcecode.swift; path = RunPlayerRow.swift; sourceTree = "<group>"; };
		C981E2942495F43F00AC1463 /* RunPlayerRow_player.graphql.swift */ = {isa = PBXFileReference; fileEncoding = 4; lastKnownFileType = sourcecode.swift; path = RunPlayerRow_player.graphql.swift; sourceTree = "<group>"; };
		C981E2962496953E00AC1463 /* RunPlayerRowPreviewQuery.graphql.swift */ = {isa = PBXFileReference; fileEncoding = 4; lastKnownFileType = sourcecode.swift; path = RunPlayerRowPreviewQuery.graphql.swift; sourceTree = "<group>"; };
		C9F373D024947D32005D93EB /* LeaderboardRunsList.swift */ = {isa = PBXFileReference; lastKnownFileType = sourcecode.swift; path = LeaderboardRunsList.swift; sourceTree = "<group>"; };
		C9F373D424947E34005D93EB /* LeaderboardRunsList_leaderboard.graphql.swift */ = {isa = PBXFileReference; fileEncoding = 4; lastKnownFileType = sourcecode.swift; path = LeaderboardRunsList_leaderboard.graphql.swift; sourceTree = "<group>"; };
		C9F373D624947EF6005D93EB /* LeaderboardRun.swift */ = {isa = PBXFileReference; lastKnownFileType = sourcecode.swift; path = LeaderboardRun.swift; sourceTree = "<group>"; };
		C9F373D824947F51005D93EB /* LeaderboardRun_run.graphql.swift */ = {isa = PBXFileReference; fileEncoding = 4; lastKnownFileType = sourcecode.swift; path = LeaderboardRun_run.graphql.swift; sourceTree = "<group>"; };
		C9F373DA249542B4005D93EB /* GameSearchResultRowPreviewQuery.graphql.swift */ = {isa = PBXFileReference; fileEncoding = 4; lastKnownFileType = sourcecode.swift; path = GameSearchResultRowPreviewQuery.graphql.swift; sourceTree = "<group>"; };
		C9F373DE249562CB005D93EB /* GameDetailLeaderboardListPreviewQuery.graphql.swift */ = {isa = PBXFileReference; fileEncoding = 4; lastKnownFileType = sourcecode.swift; path = GameDetailLeaderboardListPreviewQuery.graphql.swift; sourceTree = "<group>"; };
		C9F373E024956435005D93EB /* GameDetailHeaderPreviewQuery.graphql.swift */ = {isa = PBXFileReference; fileEncoding = 4; lastKnownFileType = sourcecode.swift; path = GameDetailHeaderPreviewQuery.graphql.swift; sourceTree = "<group>"; };
		C9F373E224956756005D93EB /* LeaderboardRunPreviewQuery.graphql.swift */ = {isa = PBXFileReference; fileEncoding = 4; lastKnownFileType = sourcecode.swift; path = LeaderboardRunPreviewQuery.graphql.swift; sourceTree = "<group>"; };
		C9F373E424956B58005D93EB /* LeaderboardRunsListPreviewQuery.graphql.swift */ = {isa = PBXFileReference; fileEncoding = 4; lastKnownFileType = sourcecode.swift; path = LeaderboardRunsListPreviewQuery.graphql.swift; sourceTree = "<group>"; };
/* End PBXFileReference section */

/* Begin PBXFrameworksBuildPhase section */
		C952D2BB248C1D5600858761 /* Frameworks */ = {
			isa = PBXFrameworksBuildPhase;
			buildActionMask = 2147483647;
			files = (
				C952D2E7248C1E2C00858761 /* RelaySwiftUI in Frameworks */,
				C952D2E5248C1E2C00858761 /* Relay in Frameworks */,
			);
			runOnlyForDeploymentPostprocessing = 0;
		};
		C952D2D1248C1D5600858761 /* Frameworks */ = {
			isa = PBXFrameworksBuildPhase;
			buildActionMask = 2147483647;
			files = (
			);
			runOnlyForDeploymentPostprocessing = 0;
		};
/* End PBXFrameworksBuildPhase section */

/* Begin PBXGroup section */
		C952D2B5248C1D5600858761 = {
			isa = PBXGroup;
			children = (
				C952D2FB248C2B4500858761 /* Relay.swift */,
				C952D2C0248C1D5600858761 /* Speedrun */,
				C952D2D7248C1D5600858761 /* SpeedrunTests */,
				C952D2BF248C1D5600858761 /* Products */,
			);
			sourceTree = "<group>";
		};
		C952D2BF248C1D5600858761 /* Products */ = {
			isa = PBXGroup;
			children = (
				C952D2BE248C1D5600858761 /* Speedrun.app */,
				C952D2D4248C1D5600858761 /* SpeedrunTests.xctest */,
			);
			name = Products;
			sourceTree = "<group>";
		};
		C952D2C0248C1D5600858761 /* Speedrun */ = {
			isa = PBXGroup;
			children = (
				C952D2F2248C220C00858761 /* __generated__ */,
				C952D2E8248C1E3D00858761 /* Infra */,
				C952D2ED248C217800858761 /* Game Search */,
				C952D304248C347D00858761 /* Game Detail */,
				C952D313248C6F2900858761 /* Leaderboard */,
				C981E2892495E7BE00AC1463 /* Run Detail */,
				C952D2C5248C1D5600858761 /* ContentView.swift */,
				C952D2C7248C1D5600858761 /* Assets.xcassets */,
				C952D2CC248C1D5600858761 /* LaunchScreen.storyboard */,
				C952D2CF248C1D5600858761 /* Info.plist */,
				C952D2C9248C1D5600858761 /* Preview Content */,
				C952D2EB248C202300858761 /* relay.config.js */,
				C952D2EC248C20E200858761 /* schema.graphql */,
			);
			path = Speedrun;
			sourceTree = "<group>";
		};
		C952D2C9248C1D5600858761 /* Preview Content */ = {
			isa = PBXGroup;
			children = (
				C952D2CA248C1D5600858761 /* Preview Assets.xcassets */,
			);
			path = "Preview Content";
			sourceTree = "<group>";
		};
		C952D2D7248C1D5600858761 /* SpeedrunTests */ = {
			isa = PBXGroup;
			children = (
				C952D2D8248C1D5700858761 /* SpeedrunTests.swift */,
				C952D2DA248C1D5700858761 /* Info.plist */,
			);
			path = SpeedrunTests;
			sourceTree = "<group>";
		};
		C952D2E8248C1E3D00858761 /* Infra */ = {
			isa = PBXGroup;
			children = (
				C952D2C1248C1D5600858761 /* AppDelegate.swift */,
				C952D300248C319500858761 /* AsyncImage.swift */,
				C952D2E9248C1E5500858761 /* Environment.swift */,
				C952D301248C319500858761 /* ImagePlaceholder.swift */,
				C952D2C3248C1D5600858761 /* SceneDelegate.swift */,
			);
			path = Infra;
			sourceTree = "<group>";
		};
		C952D2ED248C217800858761 /* Game Search */ = {
			isa = PBXGroup;
			children = (
				C952D2EE248C219200858761 /* GameSearchScreen.swift */,
				C952D2F5248C27B200858761 /* GameSearchResults.swift */,
				C952D2FC248C30BE00858761 /* GameSearchResultRow.swift */,
			);
			path = "Game Search";
			sourceTree = "<group>";
		};
		C952D2F2248C220C00858761 /* __generated__ */ = {
			isa = PBXGroup;
			children = (
				C952D30D248C665600858761 /* GameDetailHeader_game.graphql.swift */,
				C9F373E024956435005D93EB /* GameDetailHeaderPreviewQuery.graphql.swift */,
				C952D311248C6CAE00858761 /* GameDetailLeaderboardList_game.graphql.swift */,
				C9F373DE249562CB005D93EB /* GameDetailLeaderboardListPreviewQuery.graphql.swift */,
				C952D307248C614C00858761 /* GameDetailScreenQuery.graphql.swift */,
				C952D2FE248C310700858761 /* GameSearchResultRow_game.graphql.swift */,
				C9F373DA249542B4005D93EB /* GameSearchResultRowPreviewQuery.graphql.swift */,
				C952D2F7248C293500858761 /* GameSearchResults_games.graphql.swift */,
				C952D2F8248C293500858761 /* GameSearchResultsPaginationQuery.graphql.swift */,
				C952D2F3248C220C00858761 /* GameSearchScreenQuery.graphql.swift */,
				C9F373D824947F51005D93EB /* LeaderboardRun_run.graphql.swift */,
				C9F373E224956756005D93EB /* LeaderboardRunPreviewQuery.graphql.swift */,
				C9F373D424947E34005D93EB /* LeaderboardRunsList_leaderboard.graphql.swift */,
				C9F373E424956B58005D93EB /* LeaderboardRunsListPreviewQuery.graphql.swift */,
				C952D316248C721800858761 /* LeaderboardScreenQuery.graphql.swift */,
				C981E28F2495EB2400AC1463 /* RunDetailInfo_run.graphql.swift */,
				C981E28E2495EB2400AC1463 /* RunDetailInfoPreviewQuery.graphql.swift */,
				C981E2942495F43F00AC1463 /* RunPlayerRow_player.graphql.swift */,
				C981E2962496953E00AC1463 /* RunPlayerRowPreviewQuery.graphql.swift */,
			);
			path = __generated__;
			sourceTree = "<group>";
		};
		C952D304248C347D00858761 /* Game Detail */ = {
			isa = PBXGroup;
			children = (
				C952D305248C349100858761 /* GameDetailScreen.swift */,
				C952D309248C65EA00858761 /* GameDetailHeader.swift */,
				C952D30F248C6C7B00858761 /* GameDetailLeaderboardList.swift */,
			);
			path = "Game Detail";
			sourceTree = "<group>";
		};
		C952D313248C6F2900858761 /* Leaderboard */ = {
			isa = PBXGroup;
			children = (
				C952D314248C6F3A00858761 /* LeaderboardScreen.swift */,
				C9F373D024947D32005D93EB /* LeaderboardRunsList.swift */,
				C9F373D624947EF6005D93EB /* LeaderboardRun.swift */,
			);
			path = Leaderboard;
			sourceTree = "<group>";
		};
		C981E2892495E7BE00AC1463 /* Run Detail */ = {
			isa = PBXGroup;
			children = (
				C981E28A2495E7D000AC1463 /* RunDetailScreen.swift */,
				C981E28C2495E8B500AC1463 /* RunDetailInfo.swift */,
				C981E2922495F32F00AC1463 /* RunPlayerRow.swift */,
			);
			path = "Run Detail";
			sourceTree = "<group>";
		};
/* End PBXGroup section */

/* Begin PBXNativeTarget section */
		C952D2BD248C1D5600858761 /* Speedrun */ = {
			isa = PBXNativeTarget;
			buildConfigurationList = C952D2DD248C1D5700858761 /* Build configuration list for PBXNativeTarget "Speedrun" */;
			buildPhases = (
				C952D2BA248C1D5600858761 /* Sources */,
				C952D2BB248C1D5600858761 /* Frameworks */,
				C952D2BC248C1D5600858761 /* Resources */,
			);
			buildRules = (
			);
			dependencies = (
			);
			name = Speedrun;
			packageProductDependencies = (
				C952D2E4248C1E2C00858761 /* Relay */,
				C952D2E6248C1E2C00858761 /* RelaySwiftUI */,
			);
			productName = Speedrun;
			productReference = C952D2BE248C1D5600858761 /* Speedrun.app */;
			productType = "com.apple.product-type.application";
		};
		C952D2D3248C1D5600858761 /* SpeedrunTests */ = {
			isa = PBXNativeTarget;
			buildConfigurationList = C952D2E0248C1D5700858761 /* Build configuration list for PBXNativeTarget "SpeedrunTests" */;
			buildPhases = (
				C952D2D0248C1D5600858761 /* Sources */,
				C952D2D1248C1D5600858761 /* Frameworks */,
				C952D2D2248C1D5600858761 /* Resources */,
			);
			buildRules = (
			);
			dependencies = (
				C952D2D6248C1D5600858761 /* PBXTargetDependency */,
			);
			name = SpeedrunTests;
			productName = SpeedrunTests;
			productReference = C952D2D4248C1D5600858761 /* SpeedrunTests.xctest */;
			productType = "com.apple.product-type.bundle.unit-test";
		};
/* End PBXNativeTarget section */

/* Begin PBXProject section */
		C952D2B6248C1D5600858761 /* Project object */ = {
			isa = PBXProject;
			attributes = {
				LastSwiftUpdateCheck = 1150;
				LastUpgradeCheck = 1200;
				ORGANIZATIONNAME = "Matt Moriarity";
				TargetAttributes = {
					C952D2BD248C1D5600858761 = {
						CreatedOnToolsVersion = 11.5;
					};
					C952D2D3248C1D5600858761 = {
						CreatedOnToolsVersion = 11.5;
						TestTargetID = C952D2BD248C1D5600858761;
					};
				};
			};
			buildConfigurationList = C952D2B9248C1D5600858761 /* Build configuration list for PBXProject "Speedrun" */;
			compatibilityVersion = "Xcode 9.3";
			developmentRegion = en;
			hasScannedForEncodings = 0;
			knownRegions = (
				en,
				Base,
			);
			mainGroup = C952D2B5248C1D5600858761;
			packageReferences = (
				C952D2E3248C1E2C00858761 /* XCRemoteSwiftPackageReference "Relay.swift" */,
			);
			productRefGroup = C952D2BF248C1D5600858761 /* Products */;
			projectDirPath = "";
			projectRoot = "";
			targets = (
				C952D2BD248C1D5600858761 /* Speedrun */,
				C952D2D3248C1D5600858761 /* SpeedrunTests */,
			);
		};
/* End PBXProject section */

/* Begin PBXResourcesBuildPhase section */
		C952D2BC248C1D5600858761 /* Resources */ = {
			isa = PBXResourcesBuildPhase;
			buildActionMask = 2147483647;
			files = (
				C952D2CE248C1D5600858761 /* LaunchScreen.storyboard in Resources */,
				C952D2CB248C1D5600858761 /* Preview Assets.xcassets in Resources */,
				C952D2C8248C1D5600858761 /* Assets.xcassets in Resources */,
			);
			runOnlyForDeploymentPostprocessing = 0;
		};
		C952D2D2248C1D5600858761 /* Resources */ = {
			isa = PBXResourcesBuildPhase;
			buildActionMask = 2147483647;
			files = (
			);
			runOnlyForDeploymentPostprocessing = 0;
		};
/* End PBXResourcesBuildPhase section */

/* Begin PBXSourcesBuildPhase section */
		C952D2BA248C1D5600858761 /* Sources */ = {
			isa = PBXSourcesBuildPhase;
			buildActionMask = 2147483647;
			files = (
				C9F373DF249562CB005D93EB /* GameDetailLeaderboardListPreviewQuery.graphql.swift in Sources */,
				C9F373DB249542B5005D93EB /* GameSearchResultRowPreviewQuery.graphql.swift in Sources */,
				C981E2932495F32F00AC1463 /* RunPlayerRow.swift in Sources */,
				C981E28D2495E8B600AC1463 /* RunDetailInfo.swift in Sources */,
				C952D2C2248C1D5600858761 /* AppDelegate.swift in Sources */,
				C952D2FA248C293500858761 /* GameSearchResultsPaginationQuery.graphql.swift in Sources */,
				C952D30E248C665600858761 /* GameDetailHeader_game.graphql.swift in Sources */,
				C9F373E324956756005D93EB /* LeaderboardRunPreviewQuery.graphql.swift in Sources */,
				C952D2F4248C220C00858761 /* GameSearchScreenQuery.graphql.swift in Sources */,
				C952D2EA248C1E5500858761 /* Environment.swift in Sources */,
				C952D302248C319500858761 /* AsyncImage.swift in Sources */,
				C952D303248C319500858761 /* ImagePlaceholder.swift in Sources */,
				C952D312248C6CAE00858761 /* GameDetailLeaderboardList_game.graphql.swift in Sources */,
				C981E2902495EB2400AC1463 /* RunDetailInfoPreviewQuery.graphql.swift in Sources */,
				C952D2FF248C310700858761 /* GameSearchResultRow_game.graphql.swift in Sources */,
				C9F373D724947EF6005D93EB /* LeaderboardRun.swift in Sources */,
				C952D317248C721900858761 /* LeaderboardScreenQuery.graphql.swift in Sources */,
				C952D30A248C65EA00858761 /* GameDetailHeader.swift in Sources */,
				C952D2F9248C293500858761 /* GameSearchResults_games.graphql.swift in Sources */,
				C981E2972496953E00AC1463 /* RunPlayerRowPreviewQuery.graphql.swift in Sources */,
				C952D315248C6F3A00858761 /* LeaderboardScreen.swift in Sources */,
				C952D2FD248C30BE00858761 /* GameSearchResultRow.swift in Sources */,
				C981E2952495F43F00AC1463 /* RunPlayerRow_player.graphql.swift in Sources */,
				C9F373D524947E34005D93EB /* LeaderboardRunsList_leaderboard.graphql.swift in Sources */,
				C952D2EF248C219200858761 /* GameSearchScreen.swift in Sources */,
				C952D310248C6C7B00858761 /* GameDetailLeaderboardList.swift in Sources */,
				C952D306248C349100858761 /* GameDetailScreen.swift in Sources */,
				C952D2F6248C27B200858761 /* GameSearchResults.swift in Sources */,
				C952D2C4248C1D5600858761 /* SceneDelegate.swift in Sources */,
				C952D308248C614D00858761 /* GameDetailScreenQuery.graphql.swift in Sources */,
				C981E2912495EB2400AC1463 /* RunDetailInfo_run.graphql.swift in Sources */,
				C9F373E124956435005D93EB /* GameDetailHeaderPreviewQuery.graphql.swift in Sources */,
				C952D2C6248C1D5600858761 /* ContentView.swift in Sources */,
				C9F373D124947D32005D93EB /* LeaderboardRunsList.swift in Sources */,
				C981E28B2495E7D000AC1463 /* RunDetailScreen.swift in Sources */,
				C9F373E524956B58005D93EB /* LeaderboardRunsListPreviewQuery.graphql.swift in Sources */,
				C9F373D924947F51005D93EB /* LeaderboardRun_run.graphql.swift in Sources */,
			);
			runOnlyForDeploymentPostprocessing = 0;
		};
		C952D2D0248C1D5600858761 /* Sources */ = {
			isa = PBXSourcesBuildPhase;
			buildActionMask = 2147483647;
			files = (
				C952D2D9248C1D5700858761 /* SpeedrunTests.swift in Sources */,
			);
			runOnlyForDeploymentPostprocessing = 0;
		};
/* End PBXSourcesBuildPhase section */

/* Begin PBXTargetDependency section */
		C952D2D6248C1D5600858761 /* PBXTargetDependency */ = {
			isa = PBXTargetDependency;
			target = C952D2BD248C1D5600858761 /* Speedrun */;
			targetProxy = C952D2D5248C1D5600858761 /* PBXContainerItemProxy */;
		};
/* End PBXTargetDependency section */

/* Begin PBXVariantGroup section */
		C952D2CC248C1D5600858761 /* LaunchScreen.storyboard */ = {
			isa = PBXVariantGroup;
			children = (
				C952D2CD248C1D5600858761 /* Base */,
			);
			name = LaunchScreen.storyboard;
			sourceTree = "<group>";
		};
/* End PBXVariantGroup section */

/* Begin XCBuildConfiguration section */
		C952D2DB248C1D5700858761 /* Debug */ = {
			isa = XCBuildConfiguration;
			buildSettings = {
				ALWAYS_SEARCH_USER_PATHS = NO;
				CLANG_ANALYZER_NONNULL = YES;
				CLANG_ANALYZER_NUMBER_OBJECT_CONVERSION = YES_AGGRESSIVE;
				CLANG_CXX_LANGUAGE_STANDARD = "gnu++14";
				CLANG_CXX_LIBRARY = "libc++";
				CLANG_ENABLE_MODULES = YES;
				CLANG_ENABLE_OBJC_ARC = YES;
				CLANG_ENABLE_OBJC_WEAK = YES;
				CLANG_WARN_BLOCK_CAPTURE_AUTORELEASING = YES;
				CLANG_WARN_BOOL_CONVERSION = YES;
				CLANG_WARN_COMMA = YES;
				CLANG_WARN_CONSTANT_CONVERSION = YES;
				CLANG_WARN_DEPRECATED_OBJC_IMPLEMENTATIONS = YES;
				CLANG_WARN_DIRECT_OBJC_ISA_USAGE = YES_ERROR;
				CLANG_WARN_DOCUMENTATION_COMMENTS = YES;
				CLANG_WARN_EMPTY_BODY = YES;
				CLANG_WARN_ENUM_CONVERSION = YES;
				CLANG_WARN_INFINITE_RECURSION = YES;
				CLANG_WARN_INT_CONVERSION = YES;
				CLANG_WARN_NON_LITERAL_NULL_CONVERSION = YES;
				CLANG_WARN_OBJC_IMPLICIT_RETAIN_SELF = YES;
				CLANG_WARN_OBJC_LITERAL_CONVERSION = YES;
				CLANG_WARN_OBJC_ROOT_CLASS = YES_ERROR;
				CLANG_WARN_QUOTED_INCLUDE_IN_FRAMEWORK_HEADER = YES;
				CLANG_WARN_RANGE_LOOP_ANALYSIS = YES;
				CLANG_WARN_STRICT_PROTOTYPES = YES;
				CLANG_WARN_SUSPICIOUS_MOVE = YES;
				CLANG_WARN_UNGUARDED_AVAILABILITY = YES_AGGRESSIVE;
				CLANG_WARN_UNREACHABLE_CODE = YES;
				CLANG_WARN__DUPLICATE_METHOD_MATCH = YES;
				COPY_PHASE_STRIP = NO;
				DEBUG_INFORMATION_FORMAT = dwarf;
				ENABLE_STRICT_OBJC_MSGSEND = YES;
				ENABLE_TESTABILITY = YES;
				GCC_C_LANGUAGE_STANDARD = gnu11;
				GCC_DYNAMIC_NO_PIC = NO;
				GCC_NO_COMMON_BLOCKS = YES;
				GCC_OPTIMIZATION_LEVEL = 0;
				GCC_PREPROCESSOR_DEFINITIONS = (
					"DEBUG=1",
					"$(inherited)",
				);
				GCC_WARN_64_TO_32_BIT_CONVERSION = YES;
				GCC_WARN_ABOUT_RETURN_TYPE = YES_ERROR;
				GCC_WARN_UNDECLARED_SELECTOR = YES;
				GCC_WARN_UNINITIALIZED_AUTOS = YES_AGGRESSIVE;
				GCC_WARN_UNUSED_FUNCTION = YES;
				GCC_WARN_UNUSED_VARIABLE = YES;
				IPHONEOS_DEPLOYMENT_TARGET = 13.5;
				MTL_ENABLE_DEBUG_INFO = INCLUDE_SOURCE;
				MTL_FAST_MATH = YES;
				ONLY_ACTIVE_ARCH = YES;
				SDKROOT = iphoneos;
				SWIFT_ACTIVE_COMPILATION_CONDITIONS = DEBUG;
				SWIFT_OPTIMIZATION_LEVEL = "-Onone";
			};
			name = Debug;
		};
		C952D2DC248C1D5700858761 /* Release */ = {
			isa = XCBuildConfiguration;
			buildSettings = {
				ALWAYS_SEARCH_USER_PATHS = NO;
				CLANG_ANALYZER_NONNULL = YES;
				CLANG_ANALYZER_NUMBER_OBJECT_CONVERSION = YES_AGGRESSIVE;
				CLANG_CXX_LANGUAGE_STANDARD = "gnu++14";
				CLANG_CXX_LIBRARY = "libc++";
				CLANG_ENABLE_MODULES = YES;
				CLANG_ENABLE_OBJC_ARC = YES;
				CLANG_ENABLE_OBJC_WEAK = YES;
				CLANG_WARN_BLOCK_CAPTURE_AUTORELEASING = YES;
				CLANG_WARN_BOOL_CONVERSION = YES;
				CLANG_WARN_COMMA = YES;
				CLANG_WARN_CONSTANT_CONVERSION = YES;
				CLANG_WARN_DEPRECATED_OBJC_IMPLEMENTATIONS = YES;
				CLANG_WARN_DIRECT_OBJC_ISA_USAGE = YES_ERROR;
				CLANG_WARN_DOCUMENTATION_COMMENTS = YES;
				CLANG_WARN_EMPTY_BODY = YES;
				CLANG_WARN_ENUM_CONVERSION = YES;
				CLANG_WARN_INFINITE_RECURSION = YES;
				CLANG_WARN_INT_CONVERSION = YES;
				CLANG_WARN_NON_LITERAL_NULL_CONVERSION = YES;
				CLANG_WARN_OBJC_IMPLICIT_RETAIN_SELF = YES;
				CLANG_WARN_OBJC_LITERAL_CONVERSION = YES;
				CLANG_WARN_OBJC_ROOT_CLASS = YES_ERROR;
				CLANG_WARN_QUOTED_INCLUDE_IN_FRAMEWORK_HEADER = YES;
				CLANG_WARN_RANGE_LOOP_ANALYSIS = YES;
				CLANG_WARN_STRICT_PROTOTYPES = YES;
				CLANG_WARN_SUSPICIOUS_MOVE = YES;
				CLANG_WARN_UNGUARDED_AVAILABILITY = YES_AGGRESSIVE;
				CLANG_WARN_UNREACHABLE_CODE = YES;
				CLANG_WARN__DUPLICATE_METHOD_MATCH = YES;
				COPY_PHASE_STRIP = NO;
				DEBUG_INFORMATION_FORMAT = "dwarf-with-dsym";
				ENABLE_NS_ASSERTIONS = NO;
				ENABLE_STRICT_OBJC_MSGSEND = YES;
				GCC_C_LANGUAGE_STANDARD = gnu11;
				GCC_NO_COMMON_BLOCKS = YES;
				GCC_WARN_64_TO_32_BIT_CONVERSION = YES;
				GCC_WARN_ABOUT_RETURN_TYPE = YES_ERROR;
				GCC_WARN_UNDECLARED_SELECTOR = YES;
				GCC_WARN_UNINITIALIZED_AUTOS = YES_AGGRESSIVE;
				GCC_WARN_UNUSED_FUNCTION = YES;
				GCC_WARN_UNUSED_VARIABLE = YES;
				IPHONEOS_DEPLOYMENT_TARGET = 13.5;
				MTL_ENABLE_DEBUG_INFO = NO;
				MTL_FAST_MATH = YES;
				SDKROOT = iphoneos;
				SWIFT_COMPILATION_MODE = wholemodule;
				SWIFT_OPTIMIZATION_LEVEL = "-O";
				VALIDATE_PRODUCT = YES;
			};
			name = Release;
		};
		C952D2DE248C1D5700858761 /* Debug */ = {
			isa = XCBuildConfiguration;
			buildSettings = {
				ASSETCATALOG_COMPILER_APPICON_NAME = AppIcon;
				CODE_SIGN_STYLE = Automatic;
				DEVELOPMENT_ASSET_PATHS = "\"Speedrun/Preview Content\"";
				DEVELOPMENT_TEAM = PE8BN56Z28;
				ENABLE_PREVIEWS = YES;
				INFOPLIST_FILE = Speedrun/Info.plist;
				IPHONEOS_DEPLOYMENT_TARGET = 14.0;
				LD_RUNPATH_SEARCH_PATHS = (
					"$(inherited)",
					"@executable_path/Frameworks",
				);
				PRODUCT_BUNDLE_IDENTIFIER = com.mattmoriarity.Speedrun;
				PRODUCT_NAME = "$(TARGET_NAME)";
				SWIFT_VERSION = 5.0;
				TARGETED_DEVICE_FAMILY = "1,2";
			};
			name = Debug;
		};
		C952D2DF248C1D5700858761 /* Release */ = {
			isa = XCBuildConfiguration;
			buildSettings = {
				ASSETCATALOG_COMPILER_APPICON_NAME = AppIcon;
				CODE_SIGN_STYLE = Automatic;
				DEVELOPMENT_ASSET_PATHS = "\"Speedrun/Preview Content\"";
				DEVELOPMENT_TEAM = PE8BN56Z28;
				ENABLE_PREVIEWS = YES;
				INFOPLIST_FILE = Speedrun/Info.plist;
				IPHONEOS_DEPLOYMENT_TARGET = 14.0;
				LD_RUNPATH_SEARCH_PATHS = (
					"$(inherited)",
					"@executable_path/Frameworks",
				);
				PRODUCT_BUNDLE_IDENTIFIER = com.mattmoriarity.Speedrun;
				PRODUCT_NAME = "$(TARGET_NAME)";
				SWIFT_VERSION = 5.0;
				TARGETED_DEVICE_FAMILY = "1,2";
			};
			name = Release;
		};
		C952D2E1248C1D5700858761 /* Debug */ = {
			isa = XCBuildConfiguration;
			buildSettings = {
				ALWAYS_EMBED_SWIFT_STANDARD_LIBRARIES = YES;
				BUNDLE_LOADER = "$(TEST_HOST)";
				CODE_SIGN_STYLE = Automatic;
				DEVELOPMENT_TEAM = PE8BN56Z28;
				INFOPLIST_FILE = SpeedrunTests/Info.plist;
				IPHONEOS_DEPLOYMENT_TARGET = 13.5;
				LD_RUNPATH_SEARCH_PATHS = (
					"$(inherited)",
					"@executable_path/Frameworks",
					"@loader_path/Frameworks",
				);
				PRODUCT_BUNDLE_IDENTIFIER = com.mattmoriarity.SpeedrunTests;
				PRODUCT_NAME = "$(TARGET_NAME)";
				SWIFT_VERSION = 5.0;
				TARGETED_DEVICE_FAMILY = "1,2";
				TEST_HOST = "$(BUILT_PRODUCTS_DIR)/Speedrun.app/Speedrun";
			};
			name = Debug;
		};
		C952D2E2248C1D5700858761 /* Release */ = {
			isa = XCBuildConfiguration;
			buildSettings = {
				ALWAYS_EMBED_SWIFT_STANDARD_LIBRARIES = YES;
				BUNDLE_LOADER = "$(TEST_HOST)";
				CODE_SIGN_STYLE = Automatic;
				DEVELOPMENT_TEAM = PE8BN56Z28;
				INFOPLIST_FILE = SpeedrunTests/Info.plist;
				IPHONEOS_DEPLOYMENT_TARGET = 13.5;
				LD_RUNPATH_SEARCH_PATHS = (
					"$(inherited)",
					"@executable_path/Frameworks",
					"@loader_path/Frameworks",
				);
				PRODUCT_BUNDLE_IDENTIFIER = com.mattmoriarity.SpeedrunTests;
				PRODUCT_NAME = "$(TARGET_NAME)";
				SWIFT_VERSION = 5.0;
				TARGETED_DEVICE_FAMILY = "1,2";
				TEST_HOST = "$(BUILT_PRODUCTS_DIR)/Speedrun.app/Speedrun";
			};
			name = Release;
		};
/* End XCBuildConfiguration section */

/* Begin XCConfigurationList section */
		C952D2B9248C1D5600858761 /* Build configuration list for PBXProject "Speedrun" */ = {
			isa = XCConfigurationList;
			buildConfigurations = (
				C952D2DB248C1D5700858761 /* Debug */,
				C952D2DC248C1D5700858761 /* Release */,
			);
			defaultConfigurationIsVisible = 0;
			defaultConfigurationName = Release;
		};
		C952D2DD248C1D5700858761 /* Build configuration list for PBXNativeTarget "Speedrun" */ = {
			isa = XCConfigurationList;
			buildConfigurations = (
				C952D2DE248C1D5700858761 /* Debug */,
				C952D2DF248C1D5700858761 /* Release */,
			);
			defaultConfigurationIsVisible = 0;
			defaultConfigurationName = Release;
		};
		C952D2E0248C1D5700858761 /* Build configuration list for PBXNativeTarget "SpeedrunTests" */ = {
			isa = XCConfigurationList;
			buildConfigurations = (
				C952D2E1248C1D5700858761 /* Debug */,
				C952D2E2248C1D5700858761 /* Release */,
			);
			defaultConfigurationIsVisible = 0;
			defaultConfigurationName = Release;
		};
/* End XCConfigurationList section */

/* Begin XCRemoteSwiftPackageReference section */
		C952D2E3248C1E2C00858761 /* XCRemoteSwiftPackageReference "Relay.swift" */ = {
			isa = XCRemoteSwiftPackageReference;
			repositoryURL = "https://github.com/mjm/Relay.swift.git";
			requirement = {
				branch = master;
				kind = branch;
			};
		};
/* End XCRemoteSwiftPackageReference section */

/* Begin XCSwiftPackageProductDependency section */
		C952D2E4248C1E2C00858761 /* Relay */ = {
			isa = XCSwiftPackageProductDependency;
			package = C952D2E3248C1E2C00858761 /* XCRemoteSwiftPackageReference "Relay.swift" */;
			productName = Relay;
		};
		C952D2E6248C1E2C00858761 /* RelaySwiftUI */ = {
			isa = XCSwiftPackageProductDependency;
			package = C952D2E3248C1E2C00858761 /* XCRemoteSwiftPackageReference "Relay.swift" */;
			productName = RelaySwiftUI;
		};
/* End XCSwiftPackageProductDependency section */
	};
	rootObject = C952D2B6248C1D5600858761 /* Project object */;
}
